// !$*UTF8*$!
{
	archiveVersion = 1;
	classes = {
	};
	objectVersion = 50;
	objects = {

/* Begin PBXBuildFile section */
		704C1BAC21C5C7AE00C51A27 /* PageViewController.swift in Sources */ = {isa = PBXBuildFile; fileRef = 704C1BAB21C5C7AE00C51A27 /* PageViewController.swift */; };
		9FD0B7030A87678187360CFB /* Pods_RoadWarrior.framework in Frameworks */ = {isa = PBXBuildFile; fileRef = 02626FB35913CAAC0B173837 /* Pods_RoadWarrior.framework */; };
		BB3A606D21C5A5B3005285E9 /* SettingsViewController.swift in Sources */ = {isa = PBXBuildFile; fileRef = BB3A606C21C5A5B3005285E9 /* SettingsViewController.swift */; };
		BB3A606F21C5B48A005285E9 /* HomeViewController.swift in Sources */ = {isa = PBXBuildFile; fileRef = BB3A606E21C5B48A005285E9 /* HomeViewController.swift */; };
		BBD735F8219151430033C4E8 /* AppDelegate.swift in Sources */ = {isa = PBXBuildFile; fileRef = BBD735F7219151430033C4E8 /* AppDelegate.swift */; };
		BBD735FA219151430033C4E8 /* ViewController.swift in Sources */ = {isa = PBXBuildFile; fileRef = BBD735F9219151430033C4E8 /* ViewController.swift */; };
		BBD735FD219151430033C4E8 /* Main.storyboard in Resources */ = {isa = PBXBuildFile; fileRef = BBD735FB219151430033C4E8 /* Main.storyboard */; };
		BBD735FF219151450033C4E8 /* Assets.xcassets in Resources */ = {isa = PBXBuildFile; fileRef = BBD735FE219151450033C4E8 /* Assets.xcassets */; };
		BBD73602219151450033C4E8 /* LaunchScreen.storyboard in Resources */ = {isa = PBXBuildFile; fileRef = BBD73600219151450033C4E8 /* LaunchScreen.storyboard */; };
/* End PBXBuildFile section */

/* Begin PBXFileReference section */
		02626FB35913CAAC0B173837 /* Pods_RoadWarrior.framework */ = {isa = PBXFileReference; explicitFileType = wrapper.framework; includeInIndex = 0; path = Pods_RoadWarrior.framework; sourceTree = BUILT_PRODUCTS_DIR; };
		704C1BAB21C5C7AE00C51A27 /* PageViewController.swift */ = {isa = PBXFileReference; lastKnownFileType = sourcecode.swift; path = PageViewController.swift; sourceTree = "<group>"; };
		BB3A606C21C5A5B3005285E9 /* SettingsViewController.swift */ = {isa = PBXFileReference; lastKnownFileType = sourcecode.swift; path = SettingsViewController.swift; sourceTree = "<group>"; };
		BB3A606E21C5B48A005285E9 /* HomeViewController.swift */ = {isa = PBXFileReference; lastKnownFileType = sourcecode.swift; path = HomeViewController.swift; sourceTree = "<group>"; };
		BBD735F4219151430033C4E8 /* RoadWarrior.app */ = {isa = PBXFileReference; explicitFileType = wrapper.application; includeInIndex = 0; path = RoadWarrior.app; sourceTree = BUILT_PRODUCTS_DIR; };
		BBD735F7219151430033C4E8 /* AppDelegate.swift */ = {isa = PBXFileReference; lastKnownFileType = sourcecode.swift; path = AppDelegate.swift; sourceTree = "<group>"; };
		BBD735F9219151430033C4E8 /* ViewController.swift */ = {isa = PBXFileReference; lastKnownFileType = sourcecode.swift; path = ViewController.swift; sourceTree = "<group>"; };
		BBD735FC219151430033C4E8 /* Base */ = {isa = PBXFileReference; lastKnownFileType = file.storyboard; name = Base; path = Base.lproj/Main.storyboard; sourceTree = "<group>"; };
		BBD735FE219151450033C4E8 /* Assets.xcassets */ = {isa = PBXFileReference; lastKnownFileType = folder.assetcatalog; path = Assets.xcassets; sourceTree = "<group>"; };
		BBD73601219151450033C4E8 /* Base */ = {isa = PBXFileReference; lastKnownFileType = file.storyboard; name = Base; path = Base.lproj/LaunchScreen.storyboard; sourceTree = "<group>"; };
		BBD73603219151450033C4E8 /* Info.plist */ = {isa = PBXFileReference; lastKnownFileType = text.plist.xml; path = Info.plist; sourceTree = "<group>"; };
		C6D457C33D7F057D18748C07 /* Pods-RoadWarrior.debug.xcconfig */ = {isa = PBXFileReference; includeInIndex = 1; lastKnownFileType = text.xcconfig; name = "Pods-RoadWarrior.debug.xcconfig"; path = "Pods/Target Support Files/Pods-RoadWarrior/Pods-RoadWarrior.debug.xcconfig"; sourceTree = "<group>"; };
		F00AD6124C23AD91A6DAC13A /* Pods-RoadWarrior.release.xcconfig */ = {isa = PBXFileReference; includeInIndex = 1; lastKnownFileType = text.xcconfig; name = "Pods-RoadWarrior.release.xcconfig"; path = "Pods/Target Support Files/Pods-RoadWarrior/Pods-RoadWarrior.release.xcconfig"; sourceTree = "<group>"; };
/* End PBXFileReference section */

/* Begin PBXFrameworksBuildPhase section */
		BBD735F1219151430033C4E8 /* Frameworks */ = {
			isa = PBXFrameworksBuildPhase;
			buildActionMask = 2147483647;
			files = (
				9FD0B7030A87678187360CFB /* Pods_RoadWarrior.framework in Frameworks */,
			);
			runOnlyForDeploymentPostprocessing = 0;
		};
/* End PBXFrameworksBuildPhase section */

/* Begin PBXGroup section */
		98B54DD5B5B81FB65E772356 /* Pods */ = {
			isa = PBXGroup;
			children = (
				C6D457C33D7F057D18748C07 /* Pods-RoadWarrior.debug.xcconfig */,
				F00AD6124C23AD91A6DAC13A /* Pods-RoadWarrior.release.xcconfig */,
			);
			name = Pods;
			sourceTree = "<group>";
		};
		9E1D32DED12C72E598D8E065 /* Frameworks */ = {
			isa = PBXGroup;
			children = (
				02626FB35913CAAC0B173837 /* Pods_RoadWarrior.framework */,
			);
			name = Frameworks;
			sourceTree = "<group>";
		};
		BBD735EB219151430033C4E8 = {
			isa = PBXGroup;
			children = (
				BBD735F6219151430033C4E8 /* RoadWarrior */,
				BBD735F5219151430033C4E8 /* Products */,
				98B54DD5B5B81FB65E772356 /* Pods */,
				9E1D32DED12C72E598D8E065 /* Frameworks */,
			);
			sourceTree = "<group>";
		};
		BBD735F5219151430033C4E8 /* Products */ = {
			isa = PBXGroup;
			children = (
				BBD735F4219151430033C4E8 /* RoadWarrior.app */,
			);
			name = Products;
			sourceTree = "<group>";
		};
		BBD735F6219151430033C4E8 /* RoadWarrior */ = {
			isa = PBXGroup;
			children = (
				BBD735F7219151430033C4E8 /* AppDelegate.swift */,
				BBD735F9219151430033C4E8 /* ViewController.swift */,
				BBD735FB219151430033C4E8 /* Main.storyboard */,
				704C1BAB21C5C7AE00C51A27 /* PageViewController.swift */,
				BBD735FE219151450033C4E8 /* Assets.xcassets */,
				BBD73600219151450033C4E8 /* LaunchScreen.storyboard */,
				BBD73603219151450033C4E8 /* Info.plist */,
				BB3A606C21C5A5B3005285E9 /* SettingsViewController.swift */,
				BB3A606E21C5B48A005285E9 /* HomeViewController.swift */,
			);
			path = RoadWarrior;
			sourceTree = "<group>";
		};
/* End PBXGroup section */

/* Begin PBXNativeTarget section */
		BBD735F3219151430033C4E8 /* RoadWarrior */ = {
			isa = PBXNativeTarget;
			buildConfigurationList = BBD73606219151450033C4E8 /* Build configuration list for PBXNativeTarget "RoadWarrior" */;
			buildPhases = (
				7B9A64B760A8938ED4FAA177 /* [CP] Check Pods Manifest.lock */,
				BBD735F0219151430033C4E8 /* Sources */,
				BBD735F1219151430033C4E8 /* Frameworks */,
				BBD735F2219151430033C4E8 /* Resources */,
				B9250D0E827E92759D2A2169 /* [CP] Embed Pods Frameworks */,
			);
			buildRules = (
			);
			dependencies = (
			);
			name = RoadWarrior;
			productName = RoadWarrior;
			productReference = BBD735F4219151430033C4E8 /* RoadWarrior.app */;
			productType = "com.apple.product-type.application";
		};
/* End PBXNativeTarget section */

/* Begin PBXProject section */
		BBD735EC219151430033C4E8 /* Project object */ = {
			isa = PBXProject;
			attributes = {
				LastSwiftUpdateCheck = 1010;
				LastUpgradeCheck = 1010;
				ORGANIZATIONNAME = "Garrett Hughes";
				TargetAttributes = {
					BBD735F3219151430033C4E8 = {
						CreatedOnToolsVersion = 10.1;
					};
				};
			};
			buildConfigurationList = BBD735EF219151430033C4E8 /* Build configuration list for PBXProject "RoadWarrior" */;
			compatibilityVersion = "Xcode 9.3";
			developmentRegion = en;
			hasScannedForEncodings = 0;
			knownRegions = (
				en,
				Base,
			);
			mainGroup = BBD735EB219151430033C4E8;
			productRefGroup = BBD735F5219151430033C4E8 /* Products */;
			projectDirPath = "";
			projectRoot = "";
			targets = (
				BBD735F3219151430033C4E8 /* RoadWarrior */,
			);
		};
/* End PBXProject section */

/* Begin PBXResourcesBuildPhase section */
		BBD735F2219151430033C4E8 /* Resources */ = {
			isa = PBXResourcesBuildPhase;
			buildActionMask = 2147483647;
			files = (
				BBD73602219151450033C4E8 /* LaunchScreen.storyboard in Resources */,
				BBD735FF219151450033C4E8 /* Assets.xcassets in Resources */,
				BBD735FD219151430033C4E8 /* Main.storyboard in Resources */,
			);
			runOnlyForDeploymentPostprocessing = 0;
		};
/* End PBXResourcesBuildPhase section */

/* Begin PBXShellScriptBuildPhase section */
		7B9A64B760A8938ED4FAA177 /* [CP] Check Pods Manifest.lock */ = {
			isa = PBXShellScriptBuildPhase;
			buildActionMask = 2147483647;
			files = (
			);
			inputFileListPaths = (
			);
			inputPaths = (
				"${PODS_PODFILE_DIR_PATH}/Podfile.lock",
				"${PODS_ROOT}/Manifest.lock",
			);
			name = "[CP] Check Pods Manifest.lock";
			outputFileListPaths = (
			);
			outputPaths = (
				"$(DERIVED_FILE_DIR)/Pods-RoadWarrior-checkManifestLockResult.txt",
			);
			runOnlyForDeploymentPostprocessing = 0;
			shellPath = /bin/sh;
			shellScript = "diff \"${PODS_PODFILE_DIR_PATH}/Podfile.lock\" \"${PODS_ROOT}/Manifest.lock\" > /dev/null\nif [ $? != 0 ] ; then\n    # print error to STDERR\n    echo \"error: The sandbox is not in sync with the Podfile.lock. Run 'pod install' or update your CocoaPods installation.\" >&2\n    exit 1\nfi\n# This output is used by Xcode 'outputs' to avoid re-running this script phase.\necho \"SUCCESS\" > \"${SCRIPT_OUTPUT_FILE_0}\"\n";
			showEnvVarsInLog = 0;
		};
		B9250D0E827E92759D2A2169 /* [CP] Embed Pods Frameworks */ = {
			isa = PBXShellScriptBuildPhase;
			buildActionMask = 2147483647;
			files = (
			);
			inputFileListPaths = (
			);
			inputPaths = (
				"${SRCROOT}/Pods/Target Support Files/Pods-RoadWarrior/Pods-RoadWarrior-frameworks.sh",
				"${BUILT_PRODUCTS_DIR}/GPUImage/GPUImage.framework",
				"${BUILT_PRODUCTS_DIR}/SwiftOCR/SwiftOCR.framework",
			);
			name = "[CP] Embed Pods Frameworks";
			outputFileListPaths = (
			);
			outputPaths = (
				"${TARGET_BUILD_DIR}/${FRAMEWORKS_FOLDER_PATH}/GPUImage.framework",
				"${TARGET_BUILD_DIR}/${FRAMEWORKS_FOLDER_PATH}/SwiftOCR.framework",
			);
			runOnlyForDeploymentPostprocessing = 0;
			shellPath = /bin/sh;
			shellScript = "\"${SRCROOT}/Pods/Target Support Files/Pods-RoadWarrior/Pods-RoadWarrior-frameworks.sh\"\n";
			showEnvVarsInLog = 0;
		};
/* End PBXShellScriptBuildPhase section */

/* Begin PBXSourcesBuildPhase section */
		BBD735F0219151430033C4E8 /* Sources */ = {
			isa = PBXSourcesBuildPhase;
			buildActionMask = 2147483647;
			files = (
				BBD735FA219151430033C4E8 /* ViewController.swift in Sources */,
				704C1BAC21C5C7AE00C51A27 /* PageViewController.swift in Sources */,
				BBD735F8219151430033C4E8 /* AppDelegate.swift in Sources */,
				BB3A606D21C5A5B3005285E9 /* SettingsViewController.swift in Sources */,
				BB3A606F21C5B48A005285E9 /* HomeViewController.swift in Sources */,
			);
			runOnlyForDeploymentPostprocessing = 0;
		};
/* End PBXSourcesBuildPhase section */

/* Begin PBXVariantGroup section */
		BBD735FB219151430033C4E8 /* Main.storyboard */ = {
			isa = PBXVariantGroup;
			children = (
				BBD735FC219151430033C4E8 /* Base */,
			);
			name = Main.storyboard;
			sourceTree = "<group>";
		};
		BBD73600219151450033C4E8 /* LaunchScreen.storyboard */ = {
			isa = PBXVariantGroup;
			children = (
				BBD73601219151450033C4E8 /* Base */,
			);
			name = LaunchScreen.storyboard;
			sourceTree = "<group>";
		};
/* End PBXVariantGroup section */

/* Begin XCBuildConfiguration section */
		BBD73604219151450033C4E8 /* Debug */ = {
			isa = XCBuildConfiguration;
			buildSettings = {
				ALWAYS_SEARCH_USER_PATHS = NO;
				CLANG_ANALYZER_NONNULL = YES;
				CLANG_ANALYZER_NUMBER_OBJECT_CONVERSION = YES_AGGRESSIVE;
				CLANG_CXX_LANGUAGE_STANDARD = "gnu++14";
				CLANG_CXX_LIBRARY = "libc++";
				CLANG_ENABLE_MODULES = YES;
				CLANG_ENABLE_OBJC_ARC = YES;
				CLANG_ENABLE_OBJC_WEAK = YES;
				CLANG_WARN_BLOCK_CAPTURE_AUTORELEASING = YES;
				CLANG_WARN_BOOL_CONVERSION = YES;
				CLANG_WARN_COMMA = YES;
				CLANG_WARN_CONSTANT_CONVERSION = YES;
				CLANG_WARN_DEPRECATED_OBJC_IMPLEMENTATIONS = YES;
				CLANG_WARN_DIRECT_OBJC_ISA_USAGE = YES_ERROR;
				CLANG_WARN_DOCUMENTATION_COMMENTS = YES;
				CLANG_WARN_EMPTY_BODY = YES;
				CLANG_WARN_ENUM_CONVERSION = YES;
				CLANG_WARN_INFINITE_RECURSION = YES;
				CLANG_WARN_INT_CONVERSION = YES;
				CLANG_WARN_NON_LITERAL_NULL_CONVERSION = YES;
				CLANG_WARN_OBJC_IMPLICIT_RETAIN_SELF = YES;
				CLANG_WARN_OBJC_LITERAL_CONVERSION = YES;
				CLANG_WARN_OBJC_ROOT_CLASS = YES_ERROR;
				CLANG_WARN_RANGE_LOOP_ANALYSIS = YES;
				CLANG_WARN_STRICT_PROTOTYPES = YES;
				CLANG_WARN_SUSPICIOUS_MOVE = YES;
				CLANG_WARN_UNGUARDED_AVAILABILITY = YES_AGGRESSIVE;
				CLANG_WARN_UNREACHABLE_CODE = YES;
				CLANG_WARN__DUPLICATE_METHOD_MATCH = YES;
				CODE_SIGN_IDENTITY = "iPhone Developer";
				COPY_PHASE_STRIP = NO;
				DEBUG_INFORMATION_FORMAT = dwarf;
				ENABLE_STRICT_OBJC_MSGSEND = YES;
				ENABLE_TESTABILITY = YES;
				GCC_C_LANGUAGE_STANDARD = gnu11;
				GCC_DYNAMIC_NO_PIC = NO;
				GCC_NO_COMMON_BLOCKS = YES;
				GCC_OPTIMIZATION_LEVEL = 0;
				GCC_PREPROCESSOR_DEFINITIONS = (
					"DEBUG=1",
					"$(inherited)",
				);
				GCC_WARN_64_TO_32_BIT_CONVERSION = YES;
				GCC_WARN_ABOUT_RETURN_TYPE = YES_ERROR;
				GCC_WARN_UNDECLARED_SELECTOR = YES;
				GCC_WARN_UNINITIALIZED_AUTOS = YES_AGGRESSIVE;
				GCC_WARN_UNUSED_FUNCTION = YES;
				GCC_WARN_UNUSED_VARIABLE = YES;
				IPHONEOS_DEPLOYMENT_TARGET = 12.1;
				MTL_ENABLE_DEBUG_INFO = INCLUDE_SOURCE;
				MTL_FAST_MATH = YES;
				ONLY_ACTIVE_ARCH = YES;
				SDKROOT = iphoneos;
				SWIFT_ACTIVE_COMPILATION_CONDITIONS = DEBUG;
				SWIFT_OPTIMIZATION_LEVEL = "-Onone";
			};
			name = Debug;
		};
		BBD73605219151450033C4E8 /* Release */ = {
			isa = XCBuildConfiguration;
			buildSettings = {
				ALWAYS_SEARCH_USER_PATHS = NO;
				CLANG_ANALYZER_NONNULL = YES;
				CLANG_ANALYZER_NUMBER_OBJECT_CONVERSION = YES_AGGRESSIVE;
				CLANG_CXX_LANGUAGE_STANDARD = "gnu++14";
				CLANG_CXX_LIBRARY = "libc++";
				CLANG_ENABLE_MODULES = YES;
				CLANG_ENABLE_OBJC_ARC = YES;
				CLANG_ENABLE_OBJC_WEAK = YES;
				CLANG_WARN_BLOCK_CAPTURE_AUTORELEASING = YES;
				CLANG_WARN_BOOL_CONVERSION = YES;
				CLANG_WARN_COMMA = YES;
				CLANG_WARN_CONSTANT_CONVERSION = YES;
				CLANG_WARN_DEPRECATED_OBJC_IMPLEMENTATIONS = YES;
				CLANG_WARN_DIRECT_OBJC_ISA_USAGE = YES_ERROR;
				CLANG_WARN_DOCUMENTATION_COMMENTS = YES;
				CLANG_WARN_EMPTY_BODY = YES;
				CLANG_WARN_ENUM_CONVERSION = YES;
				CLANG_WARN_INFINITE_RECURSION = YES;
				CLANG_WARN_INT_CONVERSION = YES;
				CLANG_WARN_NON_LITERAL_NULL_CONVERSION = YES;
				CLANG_WARN_OBJC_IMPLICIT_RETAIN_SELF = YES;
				CLANG_WARN_OBJC_LITERAL_CONVERSION = YES;
				CLANG_WARN_OBJC_ROOT_CLASS = YES_ERROR;
				CLANG_WARN_RANGE_LOOP_ANALYSIS = YES;
				CLANG_WARN_STRICT_PROTOTYPES = YES;
				CLANG_WARN_SUSPICIOUS_MOVE = YES;
				CLANG_WARN_UNGUARDED_AVAILABILITY = YES_AGGRESSIVE;
				CLANG_WARN_UNREACHABLE_CODE = YES;
				CLANG_WARN__DUPLICATE_METHOD_MATCH = YES;
				CODE_SIGN_IDENTITY = "iPhone Developer";
				COPY_PHASE_STRIP = NO;
				DEBUG_INFORMATION_FORMAT = "dwarf-with-dsym";
				ENABLE_NS_ASSERTIONS = NO;
				ENABLE_STRICT_OBJC_MSGSEND = YES;
				GCC_C_LANGUAGE_STANDARD = gnu11;
				GCC_NO_COMMON_BLOCKS = YES;
				GCC_WARN_64_TO_32_BIT_CONVERSION = YES;
				GCC_WARN_ABOUT_RETURN_TYPE = YES_ERROR;
				GCC_WARN_UNDECLARED_SELECTOR = YES;
				GCC_WARN_UNINITIALIZED_AUTOS = YES_AGGRESSIVE;
				GCC_WARN_UNUSED_FUNCTION = YES;
				GCC_WARN_UNUSED_VARIABLE = YES;
				IPHONEOS_DEPLOYMENT_TARGET = 12.1;
				MTL_ENABLE_DEBUG_INFO = NO;
				MTL_FAST_MATH = YES;
				SDKROOT = iphoneos;
				SWIFT_COMPILATION_MODE = wholemodule;
				SWIFT_OPTIMIZATION_LEVEL = "-O";
				VALIDATE_PRODUCT = YES;
			};
			name = Release;
		};
		BBD73607219151450033C4E8 /* Debug */ = {
			isa = XCBuildConfiguration;
			baseConfigurationReference = C6D457C33D7F057D18748C07 /* Pods-RoadWarrior.debug.xcconfig */;
			buildSettings = {
				ASSETCATALOG_COMPILER_APPICON_NAME = AppIcon;
				CODE_SIGN_STYLE = Automatic;
				DEVELOPMENT_TEAM = AUL36N4748;
				INFOPLIST_FILE = RoadWarrior/Info.plist;
				LD_RUNPATH_SEARCH_PATHS = (
					"$(inherited)",
					"@executable_path/Frameworks",
				);
				PRODUCT_BUNDLE_IDENTIFIER = com.mycompany..RoadWarrior;
				PRODUCT_NAME = "$(TARGET_NAME)";
				SWIFT_VERSION = 4.2;
				TARGETED_DEVICE_FAMILY = "1,2";
			};
			name = Debug;
		};
		BBD73608219151450033C4E8 /* Release */ = {
			isa = XCBuildConfiguration;
			baseConfigurationReference = F00AD6124C23AD91A6DAC13A /* Pods-RoadWarrior.release.xcconfig */;
			buildSettings = {
				ASSETCATALOG_COMPILER_APPICON_NAME = AppIcon;
				CODE_SIGN_STYLE = Automatic;
				DEVELOPMENT_TEAM = AUL36N4748;
				INFOPLIST_FILE = RoadWarrior/Info.plist;
				LD_RUNPATH_SEARCH_PATHS = (
					"$(inherited)",
					"@executable_path/Frameworks",
				);
				PRODUCT_BUNDLE_IDENTIFIER = com.mycompany..RoadWarrior;
				PRODUCT_NAME = "$(TARGET_NAME)";
				SWIFT_VERSION = 4.2;
				TARGETED_DEVICE_FAMILY = "1,2";
			};
			name = Release;
		};
/* End XCBuildConfiguration section */

/* Begin XCConfigurationList section */
		BBD735EF219151430033C4E8 /* Build configuration list for PBXProject "RoadWarrior" */ = {
			isa = XCConfigurationList;
			buildConfigurations = (
				BBD73604219151450033C4E8 /* Debug */,
				BBD73605219151450033C4E8 /* Release */,
			);
			defaultConfigurationIsVisible = 0;
			defaultConfigurationName = Release;
		};
		BBD73606219151450033C4E8 /* Build configuration list for PBXNativeTarget "RoadWarrior" */ = {
			isa = XCConfigurationList;
			buildConfigurations = (
				BBD73607219151450033C4E8 /* Debug */,
				BBD73608219151450033C4E8 /* Release */,
			);
			defaultConfigurationIsVisible = 0;
			defaultConfigurationName = Release;
		};
/* End XCConfigurationList section */
	};
	rootObject = BBD735EC219151430033C4E8 /* Project object */;
}
